
Microsoft Visual Studio Solution File, Format Version 12.00
# Visual Studio Version 17
VisualStudioVersion = 17.0.32014.148
MinimumVisualStudioVersion = 10.0.40219.1
Project("{9A19103F-16F7-4668-BE54-9A1E7A4F7556}") = "AgarioModels", "AgarioModels\AgarioModels.csproj", "{C3E437F1-9719-46BA-8DAB-BA1D32652186}"
EndProject
Project("{9A19103F-16F7-4668-BE54-9A1E7A4F7556}") = "ClientGUI", "ClientGUI\ClientGUI.csproj", "{6F93BEF1-D069-472E-855F-D9D73656DE34}"
EndProject
Project("{9A19103F-16F7-4668-BE54-9A1E7A4F7556}") = "Communications", "Communications\Communications.csproj", "{4030198D-3574-4C71-9ACE-FF05BD4B260F}"
EndProject
Global
	GlobalSection(SolutionConfigurationPlatforms) = preSolution
		Debug|Any CPU = Debug|Any CPU
		Release|Any CPU = Release|Any CPU
	EndGlobalSection
	GlobalSection(ProjectConfigurationPlatforms) = postSolution
		{C3E437F1-9719-46BA-8DAB-BA1D32652186}.Debug|Any CPU.ActiveCfg = Debug|Any CPU
		{C3E437F1-9719-46BA-8DAB-BA1D32652186}.Debug|Any CPU.Build.0 = Debug|Any CPU
		{C3E437F1-9719-46BA-8DAB-BA1D32652186}.Release|Any CPU.ActiveCfg = Release|Any CPU
		{C3E437F1-9719-46BA-8DAB-BA1D32652186}.Release|Any CPU.Build.0 = Release|Any CPU
		{6F93BEF1-D069-472E-855F-D9D73656DE34}.Debug|Any CPU.ActiveCfg = Debug|Any CPU
		{6F93BEF1-D069-472E-855F-D9D73656DE34}.Debug|Any CPU.Build.0 = Debug|Any CPU
		{6F93BEF1-D069-472E-855F-D9D73656DE34}.Release|Any CPU.ActiveCfg = Release|Any CPU
		{6F93BEF1-D069-472E-855F-D9D73656DE34}.Release|Any CPU.Build.0 = Release|Any CPU
		{4030198D-3574-4C71-9ACE-FF05BD4B260F}.Debug|Any CPU.ActiveCfg = Debug|Any CPU
		{4030198D-3574-4C71-9ACE-FF05BD4B260F}.Debug|Any CPU.Build.0 = Debug|Any CPU
		{4030198D-3574-4C71-9ACE-FF05BD4B260F}.Release|Any CPU.ActiveCfg = Release|Any CPU
		{4030198D-3574-4C71-9ACE-FF05BD4B260F}.Release|Any CPU.Build.0 = Release|Any CPU
	EndGlobalSection
	GlobalSection(SolutionProperties) = preSolution
		HideSolutionNode = FALSE
	EndGlobalSection
	GlobalSection(ExtensibilityGlobals) = postSolution
		SolutionGuid = {6245DFE5-36F5-4E8F-A76B-D4F4CAD940F3}
	EndGlobalSection
EndGlobal
